// !$*UTF8*$!
{
	archiveVersion = 1;
	classes = {
	};
	objectVersion = 50;
	objects = {

/* Begin PBXBuildFile section */
		3F8175882658C75700C69C1A /* IosPracticeApp.swift in Sources */ = {isa = PBXBuildFile; fileRef = 3F8175872658C75700C69C1A /* IosPracticeApp.swift */; };
		3F81758C2658C75800C69C1A /* Assets.xcassets in Resources */ = {isa = PBXBuildFile; fileRef = 3F81758B2658C75800C69C1A /* Assets.xcassets */; };
		3F81758F2658C75800C69C1A /* Preview Assets.xcassets in Resources */ = {isa = PBXBuildFile; fileRef = 3F81758E2658C75800C69C1A /* Preview Assets.xcassets */; };
		3F81759A2658C75800C69C1A /* IosPracticeTests.swift in Sources */ = {isa = PBXBuildFile; fileRef = 3F8175992658C75800C69C1A /* IosPracticeTests.swift */; };
		3F8175A52658C75800C69C1A /* IosPracticeUITests.swift in Sources */ = {isa = PBXBuildFile; fileRef = 3F8175A42658C75800C69C1A /* IosPracticeUITests.swift */; };
		3F8175B32658CD8500C69C1A /* Model.swift in Sources */ = {isa = PBXBuildFile; fileRef = 3F8175B22658CD8500C69C1A /* Model.swift */; };
		3F8175B7265924E500C69C1A /* CardView.swift in Sources */ = {isa = PBXBuildFile; fileRef = 3F8175B6265924E500C69C1A /* CardView.swift */; };
		3F8175B92659E2A700C69C1A /* TopView.swift in Sources */ = {isa = PBXBuildFile; fileRef = 3F8175B82659E2A700C69C1A /* TopView.swift */; };
/* End PBXBuildFile section */

/* Begin PBXContainerItemProxy section */
		3F8175962658C75800C69C1A /* PBXContainerItemProxy */ = {
			isa = PBXContainerItemProxy;
			containerPortal = 3F81757C2658C75700C69C1A /* Project object */;
			proxyType = 1;
			remoteGlobalIDString = 3F8175832658C75700C69C1A;
			remoteInfo = IosPractice;
		};
		3F8175A12658C75800C69C1A /* PBXContainerItemProxy */ = {
			isa = PBXContainerItemProxy;
			containerPortal = 3F81757C2658C75700C69C1A /* Project object */;
			proxyType = 1;
			remoteGlobalIDString = 3F8175832658C75700C69C1A;
			remoteInfo = IosPractice;
		};
/* End PBXContainerItemProxy section */

/* Begin PBXFileReference section */
		3F8175842658C75700C69C1A /* IosPractice.app */ = {isa = PBXFileReference; explicitFileType = wrapper.application; includeInIndex = 0; path = IosPractice.app; sourceTree = BUILT_PRODUCTS_DIR; };
		3F8175872658C75700C69C1A /* IosPracticeApp.swift */ = {isa = PBXFileReference; lastKnownFileType = sourcecode.swift; path = IosPracticeApp.swift; sourceTree = "<group>"; };
		3F81758B2658C75800C69C1A /* Assets.xcassets */ = {isa = PBXFileReference; lastKnownFileType = folder.assetcatalog; path = Assets.xcassets; sourceTree = "<group>"; };
		3F81758E2658C75800C69C1A /* Preview Assets.xcassets */ = {isa = PBXFileReference; lastKnownFileType = folder.assetcatalog; path = "Preview Assets.xcassets"; sourceTree = "<group>"; };
		3F8175902658C75800C69C1A /* Info.plist */ = {isa = PBXFileReference; lastKnownFileType = text.plist.xml; path = Info.plist; sourceTree = "<group>"; };
		3F8175952658C75800C69C1A /* IosPracticeTests.xctest */ = {isa = PBXFileReference; explicitFileType = wrapper.cfbundle; includeInIndex = 0; path = IosPracticeTests.xctest; sourceTree = BUILT_PRODUCTS_DIR; };
		3F8175992658C75800C69C1A /* IosPracticeTests.swift */ = {isa = PBXFileReference; lastKnownFileType = sourcecode.swift; path = IosPracticeTests.swift; sourceTree = "<group>"; };
		3F81759B2658C75800C69C1A /* Info.plist */ = {isa = PBXFileReference; lastKnownFileType = text.plist.xml; path = Info.plist; sourceTree = "<group>"; };
		3F8175A02658C75800C69C1A /* IosPracticeUITests.xctest */ = {isa = PBXFileReference; explicitFileType = wrapper.cfbundle; includeInIndex = 0; path = IosPracticeUITests.xctest; sourceTree = BUILT_PRODUCTS_DIR; };
		3F8175A42658C75800C69C1A /* IosPracticeUITests.swift */ = {isa = PBXFileReference; lastKnownFileType = sourcecode.swift; path = IosPracticeUITests.swift; sourceTree = "<group>"; };
		3F8175A62658C75800C69C1A /* Info.plist */ = {isa = PBXFileReference; lastKnownFileType = text.plist.xml; path = Info.plist; sourceTree = "<group>"; };
		3F8175B22658CD8500C69C1A /* Model.swift */ = {isa = PBXFileReference; lastKnownFileType = sourcecode.swift; path = Model.swift; sourceTree = "<group>"; };
		3F8175B6265924E500C69C1A /* CardView.swift */ = {isa = PBXFileReference; lastKnownFileType = sourcecode.swift; path = CardView.swift; sourceTree = "<group>"; };
		3F8175B82659E2A700C69C1A /* TopView.swift */ = {isa = PBXFileReference; lastKnownFileType = sourcecode.swift; path = TopView.swift; sourceTree = "<group>"; };
/* End PBXFileReference section */

/* Begin PBXFrameworksBuildPhase section */
		3F8175812658C75700C69C1A /* Frameworks */ = {
			isa = PBXFrameworksBuildPhase;
			buildActionMask = 2147483647;
			files = (
			);
			runOnlyForDeploymentPostprocessing = 0;
		};
		3F8175922658C75800C69C1A /* Frameworks */ = {
			isa = PBXFrameworksBuildPhase;
			buildActionMask = 2147483647;
			files = (
			);
			runOnlyForDeploymentPostprocessing = 0;
		};
		3F81759D2658C75800C69C1A /* Frameworks */ = {
			isa = PBXFrameworksBuildPhase;
			buildActionMask = 2147483647;
			files = (
			);
			runOnlyForDeploymentPostprocessing = 0;
		};
/* End PBXFrameworksBuildPhase section */

/* Begin PBXGroup section */
		3F81757B2658C75700C69C1A = {
			isa = PBXGroup;
			children = (
				3F8175862658C75700C69C1A /* IosPractice */,
				3F8175982658C75800C69C1A /* IosPracticeTests */,
				3F8175A32658C75800C69C1A /* IosPracticeUITests */,
				3F8175852658C75700C69C1A /* Products */,
			);
			sourceTree = "<group>";
		};
		3F8175852658C75700C69C1A /* Products */ = {
			isa = PBXGroup;
			children = (
				3F8175842658C75700C69C1A /* IosPractice.app */,
				3F8175952658C75800C69C1A /* IosPracticeTests.xctest */,
				3F8175A02658C75800C69C1A /* IosPracticeUITests.xctest */,
			);
			name = Products;
			sourceTree = "<group>";
		};
		3F8175862658C75700C69C1A /* IosPractice */ = {
			isa = PBXGroup;
			children = (
				3F8175872658C75700C69C1A /* IosPracticeApp.swift */,
				3F8175B6265924E500C69C1A /* CardView.swift */,
				3F81758B2658C75800C69C1A /* Assets.xcassets */,
				3F8175902658C75800C69C1A /* Info.plist */,
				3F81758D2658C75800C69C1A /* Preview Content */,
				3F8175B22658CD8500C69C1A /* Model.swift */,
				3F8175B82659E2A700C69C1A /* TopView.swift */,
			);
			path = IosPractice;
			sourceTree = "<group>";
		};
		3F81758D2658C75800C69C1A /* Preview Content */ = {
			isa = PBXGroup;
			children = (
				3F81758E2658C75800C69C1A /* Preview Assets.xcassets */,
			);
			path = "Preview Content";
			sourceTree = "<group>";
		};
		3F8175982658C75800C69C1A /* IosPracticeTests */ = {
			isa = PBXGroup;
			children = (
				3F8175992658C75800C69C1A /* IosPracticeTests.swift */,
				3F81759B2658C75800C69C1A /* Info.plist */,
			);
			path = IosPracticeTests;
			sourceTree = "<group>";
		};
		3F8175A32658C75800C69C1A /* IosPracticeUITests */ = {
			isa = PBXGroup;
			children = (
				3F8175A42658C75800C69C1A /* IosPracticeUITests.swift */,
				3F8175A62658C75800C69C1A /* Info.plist */,
			);
			path = IosPracticeUITests;
			sourceTree = "<group>";
		};
/* End PBXGroup section */

/* Begin PBXNativeTarget section */
		3F8175832658C75700C69C1A /* IosPractice */ = {
			isa = PBXNativeTarget;
			buildConfigurationList = 3F8175A92658C75800C69C1A /* Build configuration list for PBXNativeTarget "IosPractice" */;
			buildPhases = (
				3F8175802658C75700C69C1A /* Sources */,
				3F8175812658C75700C69C1A /* Frameworks */,
				3F8175822658C75700C69C1A /* Resources */,
			);
			buildRules = (
			);
			dependencies = (
			);
			name = IosPractice;
			productName = IosPractice;
			productReference = 3F8175842658C75700C69C1A /* IosPractice.app */;
			productType = "com.apple.product-type.application";
		};
		3F8175942658C75800C69C1A /* IosPracticeTests */ = {
			isa = PBXNativeTarget;
			buildConfigurationList = 3F8175AC2658C75800C69C1A /* Build configuration list for PBXNativeTarget "IosPracticeTests" */;
			buildPhases = (
				3F8175912658C75800C69C1A /* Sources */,
				3F8175922658C75800C69C1A /* Frameworks */,
				3F8175932658C75800C69C1A /* Resources */,
			);
			buildRules = (
			);
			dependencies = (
				3F8175972658C75800C69C1A /* PBXTargetDependency */,
			);
			name = IosPracticeTests;
			productName = IosPracticeTests;
			productReference = 3F8175952658C75800C69C1A /* IosPracticeTests.xctest */;
			productType = "com.apple.product-type.bundle.unit-test";
		};
		3F81759F2658C75800C69C1A /* IosPracticeUITests */ = {
			isa = PBXNativeTarget;
			buildConfigurationList = 3F8175AF2658C75800C69C1A /* Build configuration list for PBXNativeTarget "IosPracticeUITests" */;
			buildPhases = (
				3F81759C2658C75800C69C1A /* Sources */,
				3F81759D2658C75800C69C1A /* Frameworks */,
				3F81759E2658C75800C69C1A /* Resources */,
			);
			buildRules = (
			);
			dependencies = (
				3F8175A22658C75800C69C1A /* PBXTargetDependency */,
			);
			name = IosPracticeUITests;
			productName = IosPracticeUITests;
			productReference = 3F8175A02658C75800C69C1A /* IosPracticeUITests.xctest */;
			productType = "com.apple.product-type.bundle.ui-testing";
		};
/* End PBXNativeTarget section */

/* Begin PBXProject section */
		3F81757C2658C75700C69C1A /* Project object */ = {
			isa = PBXProject;
			attributes = {
				LastSwiftUpdateCheck = 1250;
				LastUpgradeCheck = 1250;
				TargetAttributes = {
					3F8175832658C75700C69C1A = {
						CreatedOnToolsVersion = 12.5;
					};
					3F8175942658C75800C69C1A = {
						CreatedOnToolsVersion = 12.5;
						TestTargetID = 3F8175832658C75700C69C1A;
					};
					3F81759F2658C75800C69C1A = {
						CreatedOnToolsVersion = 12.5;
						TestTargetID = 3F8175832658C75700C69C1A;
					};
				};
			};
			buildConfigurationList = 3F81757F2658C75700C69C1A /* Build configuration list for PBXProject "IosPractice" */;
			compatibilityVersion = "Xcode 9.3";
			developmentRegion = en;
			hasScannedForEncodings = 0;
			knownRegions = (
				en,
				Base,
			);
			mainGroup = 3F81757B2658C75700C69C1A;
			productRefGroup = 3F8175852658C75700C69C1A /* Products */;
			projectDirPath = "";
			projectRoot = "";
			targets = (
				3F8175832658C75700C69C1A /* IosPractice */,
				3F8175942658C75800C69C1A /* IosPracticeTests */,
				3F81759F2658C75800C69C1A /* IosPracticeUITests */,
			);
		};
/* End PBXProject section */

/* Begin PBXResourcesBuildPhase section */
		3F8175822658C75700C69C1A /* Resources */ = {
			isa = PBXResourcesBuildPhase;
			buildActionMask = 2147483647;
			files = (
				3F81758F2658C75800C69C1A /* Preview Assets.xcassets in Resources */,
				3F81758C2658C75800C69C1A /* Assets.xcassets in Resources */,
			);
			runOnlyForDeploymentPostprocessing = 0;
		};
		3F8175932658C75800C69C1A /* Resources */ = {
			isa = PBXResourcesBuildPhase;
			buildActionMask = 2147483647;
			files = (
			);
			runOnlyForDeploymentPostprocessing = 0;
		};
		3F81759E2658C75800C69C1A /* Resources */ = {
			isa = PBXResourcesBuildPhase;
			buildActionMask = 2147483647;
			files = (
			);
			runOnlyForDeploymentPostprocessing = 0;
		};
/* End PBXResourcesBuildPhase section */

/* Begin PBXSourcesBuildPhase section */
		3F8175802658C75700C69C1A /* Sources */ = {
			isa = PBXSourcesBuildPhase;
			buildActionMask = 2147483647;
			files = (
				3F8175B32658CD8500C69C1A /* Model.swift in Sources */,
				3F8175882658C75700C69C1A /* IosPracticeApp.swift in Sources */,
				3F8175B92659E2A700C69C1A /* TopView.swift in Sources */,
				3F8175B7265924E500C69C1A /* CardView.swift in Sources */,
			);
			runOnlyForDeploymentPostprocessing = 0;
		};
		3F8175912658C75800C69C1A /* Sources */ = {
			isa = PBXSourcesBuildPhase;
			buildActionMask = 2147483647;
			files = (
				3F81759A2658C75800C69C1A /* IosPracticeTests.swift in Sources */,
			);
			runOnlyForDeploymentPostprocessing = 0;
		};
		3F81759C2658C75800C69C1A /* Sources */ = {
			isa = PBXSourcesBuildPhase;
			buildActionMask = 2147483647;
			files = (
				3F8175A52658C75800C69C1A /* IosPracticeUITests.swift in Sources */,
			);
			runOnlyForDeploymentPostprocessing = 0;
		};
/* End PBXSourcesBuildPhase section */

/* Begin PBXTargetDependency section */
		3F8175972658C75800C69C1A /* PBXTargetDependency */ = {
			isa = PBXTargetDependency;
			target = 3F8175832658C75700C69C1A /* IosPractice */;
			targetProxy = 3F8175962658C75800C69C1A /* PBXContainerItemProxy */;
		};
		3F8175A22658C75800C69C1A /* PBXTargetDependency */ = {
			isa = PBXTargetDependency;
			target = 3F8175832658C75700C69C1A /* IosPractice */;
			targetProxy = 3F8175A12658C75800C69C1A /* PBXContainerItemProxy */;
		};
/* End PBXTargetDependency section */

/* Begin XCBuildConfiguration section */
		3F8175A72658C75800C69C1A /* Debug */ = {
			isa = XCBuildConfiguration;
			buildSettings = {
				ALWAYS_SEARCH_USER_PATHS = NO;
				CLANG_ANALYZER_NONNULL = YES;
				CLANG_ANALYZER_NUMBER_OBJECT_CONVERSION = YES_AGGRESSIVE;
				CLANG_CXX_LANGUAGE_STANDARD = "gnu++14";
				CLANG_CXX_LIBRARY = "libc++";
				CLANG_ENABLE_MODULES = YES;
				CLANG_ENABLE_OBJC_ARC = YES;
				CLANG_ENABLE_OBJC_WEAK = YES;
				CLANG_WARN_BLOCK_CAPTURE_AUTORELEASING = YES;
				CLANG_WARN_BOOL_CONVERSION = YES;
				CLANG_WARN_COMMA = YES;
				CLANG_WARN_CONSTANT_CONVERSION = YES;
				CLANG_WARN_DEPRECATED_OBJC_IMPLEMENTATIONS = YES;
				CLANG_WARN_DIRECT_OBJC_ISA_USAGE = YES_ERROR;
				CLANG_WARN_DOCUMENTATION_COMMENTS = YES;
				CLANG_WARN_EMPTY_BODY = YES;
				CLANG_WARN_ENUM_CONVERSION = YES;
				CLANG_WARN_INFINITE_RECURSION = YES;
				CLANG_WARN_INT_CONVERSION = YES;
				CLANG_WARN_NON_LITERAL_NULL_CONVERSION = YES;
				CLANG_WARN_OBJC_IMPLICIT_RETAIN_SELF = YES;
				CLANG_WARN_OBJC_LITERAL_CONVERSION = YES;
				CLANG_WARN_OBJC_ROOT_CLASS = YES_ERROR;
				CLANG_WARN_QUOTED_INCLUDE_IN_FRAMEWORK_HEADER = YES;
				CLANG_WARN_RANGE_LOOP_ANALYSIS = YES;
				CLANG_WARN_STRICT_PROTOTYPES = YES;
				CLANG_WARN_SUSPICIOUS_MOVE = YES;
				CLANG_WARN_UNGUARDED_AVAILABILITY = YES_AGGRESSIVE;
				CLANG_WARN_UNREACHABLE_CODE = YES;
				CLANG_WARN__DUPLICATE_METHOD_MATCH = YES;
				COPY_PHASE_STRIP = NO;
				DEBUG_INFORMATION_FORMAT = dwarf;
				ENABLE_STRICT_OBJC_MSGSEND = YES;
				ENABLE_TESTABILITY = YES;
				GCC_C_LANGUAGE_STANDARD = gnu11;
				GCC_DYNAMIC_NO_PIC = NO;
				GCC_NO_COMMON_BLOCKS = YES;
				GCC_OPTIMIZATION_LEVEL = 0;
				GCC_PREPROCESSOR_DEFINITIONS = (
					"DEBUG=1",
					"$(inherited)",
				);
				GCC_WARN_64_TO_32_BIT_CONVERSION = YES;
				GCC_WARN_ABOUT_RETURN_TYPE = YES_ERROR;
				GCC_WARN_UNDECLARED_SELECTOR = YES;
				GCC_WARN_UNINITIALIZED_AUTOS = YES_AGGRESSIVE;
				GCC_WARN_UNUSED_FUNCTION = YES;
				GCC_WARN_UNUSED_VARIABLE = YES;
				IPHONEOS_DEPLOYMENT_TARGET = 14.5;
				MTL_ENABLE_DEBUG_INFO = INCLUDE_SOURCE;
				MTL_FAST_MATH = YES;
				ONLY_ACTIVE_ARCH = YES;
				SDKROOT = iphoneos;
				SWIFT_ACTIVE_COMPILATION_CONDITIONS = DEBUG;
				SWIFT_OPTIMIZATION_LEVEL = "-Onone";
			};
			name = Debug;
		};
		3F8175A82658C75800C69C1A /* Release */ = {
			isa = XCBuildConfiguration;
			buildSettings = {
				ALWAYS_SEARCH_USER_PATHS = NO;
				CLANG_ANALYZER_NONNULL = YES;
				CLANG_ANALYZER_NUMBER_OBJECT_CONVERSION = YES_AGGRESSIVE;
				CLANG_CXX_LANGUAGE_STANDARD = "gnu++14";
				CLANG_CXX_LIBRARY = "libc++";
				CLANG_ENABLE_MODULES = YES;
				CLANG_ENABLE_OBJC_ARC = YES;
				CLANG_ENABLE_OBJC_WEAK = YES;
				CLANG_WARN_BLOCK_CAPTURE_AUTORELEASING = YES;
				CLANG_WARN_BOOL_CONVERSION = YES;
				CLANG_WARN_COMMA = YES;
				CLANG_WARN_CONSTANT_CONVERSION = YES;
				CLANG_WARN_DEPRECATED_OBJC_IMPLEMENTATIONS = YES;
				CLANG_WARN_DIRECT_OBJC_ISA_USAGE = YES_ERROR;
				CLANG_WARN_DOCUMENTATION_COMMENTS = YES;
				CLANG_WARN_EMPTY_BODY = YES;
				CLANG_WARN_ENUM_CONVERSION = YES;
				CLANG_WARN_INFINITE_RECURSION = YES;
				CLANG_WARN_INT_CONVERSION = YES;
				CLANG_WARN_NON_LITERAL_NULL_CONVERSION = YES;
				CLANG_WARN_OBJC_IMPLICIT_RETAIN_SELF = YES;
				CLANG_WARN_OBJC_LITERAL_CONVERSION = YES;
				CLANG_WARN_OBJC_ROOT_CLASS = YES_ERROR;
				CLANG_WARN_QUOTED_INCLUDE_IN_FRAMEWORK_HEADER = YES;
				CLANG_WARN_RANGE_LOOP_ANALYSIS = YES;
				CLANG_WARN_STRICT_PROTOTYPES = YES;
				CLANG_WARN_SUSPICIOUS_MOVE = YES;
				CLANG_WARN_UNGUARDED_AVAILABILITY = YES_AGGRESSIVE;
				CLANG_WARN_UNREACHABLE_CODE = YES;
				CLANG_WARN__DUPLICATE_METHOD_MATCH = YES;
				COPY_PHASE_STRIP = NO;
				DEBUG_INFORMATION_FORMAT = "dwarf-with-dsym";
				ENABLE_NS_ASSERTIONS = NO;
				ENABLE_STRICT_OBJC_MSGSEND = YES;
				GCC_C_LANGUAGE_STANDARD = gnu11;
				GCC_NO_COMMON_BLOCKS = YES;
				GCC_WARN_64_TO_32_BIT_CONVERSION = YES;
				GCC_WARN_ABOUT_RETURN_TYPE = YES_ERROR;
				GCC_WARN_UNDECLARED_SELECTOR = YES;
				GCC_WARN_UNINITIALIZED_AUTOS = YES_AGGRESSIVE;
				GCC_WARN_UNUSED_FUNCTION = YES;
				GCC_WARN_UNUSED_VARIABLE = YES;
				IPHONEOS_DEPLOYMENT_TARGET = 14.5;
				MTL_ENABLE_DEBUG_INFO = NO;
				MTL_FAST_MATH = YES;
				SDKROOT = iphoneos;
				SWIFT_COMPILATION_MODE = wholemodule;
				SWIFT_OPTIMIZATION_LEVEL = "-O";
				VALIDATE_PRODUCT = YES;
			};
			name = Release;
		};
		3F8175AA2658C75800C69C1A /* Debug */ = {
			isa = XCBuildConfiguration;
			buildSettings = {
				ASSETCATALOG_COMPILER_APPICON_NAME = AppIcon;
				ASSETCATALOG_COMPILER_GLOBAL_ACCENT_COLOR_NAME = AccentColor;
				CODE_SIGN_STYLE = Automatic;
				DEVELOPMENT_ASSET_PATHS = "\"IosPractice/Preview Content\"";
				ENABLE_PREVIEWS = YES;
				INFOPLIST_FILE = IosPractice/Info.plist;
				IPHONEOS_DEPLOYMENT_TARGET = 14.0;
				LD_RUNPATH_SEARCH_PATHS = (
					"$(inherited)",
					"@executable_path/Frameworks",
				);
				PRODUCT_BUNDLE_IDENTIFIER = kkkkan.IosPractice;
				PRODUCT_NAME = "$(TARGET_NAME)";
				SWIFT_VERSION = 5.0;
				TARGETED_DEVICE_FAMILY = "1,2";
			};
			name = Debug;
		};
		3F8175AB2658C75800C69C1A /* Release */ = {
			isa = XCBuildConfiguration;
			buildSettings = {
				ASSETCATALOG_COMPILER_APPICON_NAME = AppIcon;
				ASSETCATALOG_COMPILER_GLOBAL_ACCENT_COLOR_NAME = AccentColor;
				CODE_SIGN_STYLE = Automatic;
				DEVELOPMENT_ASSET_PATHS = "\"IosPractice/Preview Content\"";
				ENABLE_PREVIEWS = YES;
				INFOPLIST_FILE = IosPractice/Info.plist;
				IPHONEOS_DEPLOYMENT_TARGET = 14.0;
				LD_RUNPATH_SEARCH_PATHS = (
					"$(inherited)",
					"@executable_path/Frameworks",
				);
				PRODUCT_BUNDLE_IDENTIFIER = kkkkan.IosPractice;
				PRODUCT_NAME = "$(TARGET_NAME)";
				SWIFT_VERSION = 5.0;
				TARGETED_DEVICE_FAMILY = "1,2";
			};
			name = Release;
		};
		3F8175AD2658C75800C69C1A /* Debug */ = {
			isa = XCBuildConfiguration;
			buildSettings = {
				ALWAYS_EMBED_SWIFT_STANDARD_LIBRARIES = YES;
				BUNDLE_LOADER = "$(TEST_HOST)";
				CODE_SIGN_STYLE = Automatic;
				INFOPLIST_FILE = IosPracticeTests/Info.plist;
				IPHONEOS_DEPLOYMENT_TARGET = 14.0;
				LD_RUNPATH_SEARCH_PATHS = (
					"$(inherited)",
					"@executable_path/Frameworks",
					"@loader_path/Frameworks",
				);
				PRODUCT_BUNDLE_IDENTIFIER = kkkkan.IosPracticeTests;
				PRODUCT_NAME = "$(TARGET_NAME)";
				SWIFT_VERSION = 5.0;
				TARGETED_DEVICE_FAMILY = "1,2";
				TEST_HOST = "$(BUILT_PRODUCTS_DIR)/IosPractice.app/IosPractice";
			};
			name = Debug;
		};
		3F8175AE2658C75800C69C1A /* Release */ = {
			isa = XCBuildConfiguration;
			buildSettings = {
				ALWAYS_EMBED_SWIFT_STANDARD_LIBRARIES = YES;
				BUNDLE_LOADER = "$(TEST_HOST)";
				CODE_SIGN_STYLE = Automatic;
				INFOPLIST_FILE = IosPracticeTests/Info.plist;
				IPHONEOS_DEPLOYMENT_TARGET = 14.0;
				LD_RUNPATH_SEARCH_PATHS = (
					"$(inherited)",
					"@executable_path/Frameworks",
					"@loader_path/Frameworks",
				);
				PRODUCT_BUNDLE_IDENTIFIER = kkkkan.IosPracticeTests;
				PRODUCT_NAME = "$(TARGET_NAME)";
				SWIFT_VERSION = 5.0;
				TARGETED_DEVICE_FAMILY = "1,2";
				TEST_HOST = "$(BUILT_PRODUCTS_DIR)/IosPractice.app/IosPractice";
			};
			name = Release;
		};
		3F8175B02658C75800C69C1A /* Debug */ = {
			isa = XCBuildConfiguration;
			buildSettings = {
				ALWAYS_EMBED_SWIFT_STANDARD_LIBRARIES = YES;
				CODE_SIGN_STYLE = Automatic;
				INFOPLIST_FILE = IosPracticeUITests/Info.plist;
				LD_RUNPATH_SEARCH_PATHS = (
					"$(inherited)",
					"@executable_path/Frameworks",
					"@loader_path/Frameworks",
				);
				PRODUCT_BUNDLE_IDENTIFIER = kkkkan.IosPracticeUITests;
				PRODUCT_NAME = "$(TARGET_NAME)";
				SWIFT_VERSION = 5.0;
				TARGETED_DEVICE_FAMILY = "1,2";
				TEST_TARGET_NAME = IosPractice;
			};
			name = Debug;
		};
		3F8175B12658C75800C69C1A /* Release */ = {
			isa = XCBuildConfiguration;
			buildSettings = {
				ALWAYS_EMBED_SWIFT_STANDARD_LIBRARIES = YES;
				CODE_SIGN_STYLE = Automatic;
				INFOPLIST_FILE = IosPracticeUITests/Info.plist;
				LD_RUNPATH_SEARCH_PATHS = (
					"$(inherited)",
					"@executable_path/Frameworks",
					"@loader_path/Frameworks",
				);
				PRODUCT_BUNDLE_IDENTIFIER = kkkkan.IosPracticeUITests;
				PRODUCT_NAME = "$(TARGET_NAME)";
				SWIFT_VERSION = 5.0;
				TARGETED_DEVICE_FAMILY = "1,2";
				TEST_TARGET_NAME = IosPractice;
			};
			name = Release;
		};
/* End XCBuildConfiguration section */

/* Begin XCConfigurationList section */
		3F81757F2658C75700C69C1A /* Build configuration list for PBXProject "IosPractice" */ = {
			isa = XCConfigurationList;
			buildConfigurations = (
				3F8175A72658C75800C69C1A /* Debug */,
				3F8175A82658C75800C69C1A /* Release */,
			);
			defaultConfigurationIsVisible = 0;
			defaultConfigurationName = Release;
		};
		3F8175A92658C75800C69C1A /* Build configuration list for PBXNativeTarget "IosPractice" */ = {
			isa = XCConfigurationList;
			buildConfigurations = (
				3F8175AA2658C75800C69C1A /* Debug */,
				3F8175AB2658C75800C69C1A /* Release */,
			);
			defaultConfigurationIsVisible = 0;
			defaultConfigurationName = Release;
		};
		3F8175AC2658C75800C69C1A /* Build configuration list for PBXNativeTarget "IosPracticeTests" */ = {
			isa = XCConfigurationList;
			buildConfigurations = (
				3F8175AD2658C75800C69C1A /* Debug */,
				3F8175AE2658C75800C69C1A /* Release */,
			);
			defaultConfigurationIsVisible = 0;
			defaultConfigurationName = Release;
		};
		3F8175AF2658C75800C69C1A /* Build configuration list for PBXNativeTarget "IosPracticeUITests" */ = {
			isa = XCConfigurationList;
			buildConfigurations = (
				3F8175B02658C75800C69C1A /* Debug */,
				3F8175B12658C75800C69C1A /* Release */,
			);
			defaultConfigurationIsVisible = 0;
			defaultConfigurationName = Release;
		};
/* End XCConfigurationList section */
	};
	rootObject = 3F81757C2658C75700C69C1A /* Project object */;
}
